
Microsoft Visual Studio Solution File, Format Version 12.00
# Visual Studio 15
VisualStudioVersion = 15.0.27004.2009
MinimumVisualStudioVersion = 10.0.40219.1
Project("{FAE04EC0-301F-11D3-BF4B-00C04F79EFBC}") = "WinForms File Encrypt", "WinForms File Encrypt\WinForms File Encrypt.csproj", "{8DB7E815-D6CC-4148-922D-F1589FF4F0F8}"
EndProject
Global
	GlobalSection(SolutionConfigurationPlatforms) = preSolution
		Debug|Any CPU = Debug|Any CPU
		Release|Any CPU = Release|Any CPU
	EndGlobalSection
	GlobalSection(ProjectConfigurationPlatforms) = postSolution
		{8DB7E815-D6CC-4148-922D-F1589FF4F0F8}.Debug|Any CPU.ActiveCfg = Debug|Any CPU
		{8DB7E815-D6CC-4148-922D-F1589FF4F0F8}.Debug|Any CPU.Build.0 = Debug|Any CPU
		{8DB7E815-D6CC-4148-922D-F1589FF4F0F8}.Release|Any CPU.ActiveCfg = Release|Any CPU
		{8DB7E815-D6CC-4148-922D-F1589FF4F0F8}.Release|Any CPU.Build.0 = Release|Any CPU
	EndGlobalSection
	GlobalSection(SolutionProperties) = preSolution
		HideSolutionNode = FALSE
	EndGlobalSection
	GlobalSection(ExtensibilityGlobals) = postSolution
		SolutionGuid = {5DB7BB64-E844-4E3C-AFEE-0A8E85E9DA25}
	EndGlobalSection
EndGlobal
